
Microsoft Visual Studio Solution File, Format Version 12.00
# Visual Studio Version 17
VisualStudioVersion = 17.6.33829.357
MinimumVisualStudioVersion = 10.0.40219.1
Project("{FAE04EC0-301F-11D3-BF4B-00C04F79EFBC}") = "UnitTestSampleAPIFunction", "UnitTestSampleAPIFunction\UnitTestSampleAPIFunction.csproj", "{3C89E5DD-44F9-41BB-8A55-B50C91F4B396}"
EndProject
Project("{FAE04EC0-301F-11D3-BF4B-00C04F79EFBC}") = "SampleDAL", "..\..\Common\DAL\SampleDAL\SampleDAL.csproj", "{C5D106CB-EF56-4BBA-AB90-C162E45993CB}"
EndProject
Global
	GlobalSection(SolutionConfigurationPlatforms) = preSolution
		Debug|Any CPU = Debug|Any CPU
		Release|Any CPU = Release|Any CPU
	EndGlobalSection
	GlobalSection(ProjectConfigurationPlatforms) = postSolution
		{3C89E5DD-44F9-41BB-8A55-B50C91F4B396}.Debug|Any CPU.ActiveCfg = Debug|Any CPU
		{3C89E5DD-44F9-41BB-8A55-B50C91F4B396}.Debug|Any CPU.Build.0 = Debug|Any CPU
		{3C89E5DD-44F9-41BB-8A55-B50C91F4B396}.Release|Any CPU.ActiveCfg = Release|Any CPU
		{3C89E5DD-44F9-41BB-8A55-B50C91F4B396}.Release|Any CPU.Build.0 = Release|Any CPU
		{C5D106CB-EF56-4BBA-AB90-C162E45993CB}.Debug|Any CPU.ActiveCfg = Debug|Any CPU
		{C5D106CB-EF56-4BBA-AB90-C162E45993CB}.Debug|Any CPU.Build.0 = Debug|Any CPU
		{C5D106CB-EF56-4BBA-AB90-C162E45993CB}.Release|Any CPU.ActiveCfg = Release|Any CPU
		{C5D106CB-EF56-4BBA-AB90-C162E45993CB}.Release|Any CPU.Build.0 = Release|Any CPU
	EndGlobalSection
	GlobalSection(SolutionProperties) = preSolution
		HideSolutionNode = FALSE
	EndGlobalSection
	GlobalSection(ExtensibilityGlobals) = postSolution
		SolutionGuid = {58CC1920-B84F-4CA3-B0C0-8892CBA06F52}
	EndGlobalSection
EndGlobal
